{
  "object": {
    "pins": [
      {
        "package": "swift-argument-parser",
        "repositoryURL": "https://github.com/apple/swift-argument-parser",
        "state": {
          "branch": null,
          "revision": "9564d61b08a5335ae0a36f789a7d71493eacadfc",
          "version": "0.3.2"
        }
      },
      {
        "package": "swift-atomics",
        "repositoryURL": "https://github.com/apple/swift-atomics.git",
        "state": {
          "branch": null,
          "revision": "3e95ba32cd1b4c877f6163e8eea54afc4e63bf9f",
          "version": "0.0.3"
        }
      },
      {
        "package": "swift-crypto",
        "repositoryURL": "https://github.com/apple/swift-crypto.git",
        "state": {
          "branch": null,
          "revision": "0141f53dd525706c803b0c20aa8ad36f9ecd45e5",
          "version": "1.1.5"
        }
      },
      {
        "package": "swift-driver",
        "repositoryURL": "https://github.com/apple/swift-driver.git",
        "state": {
          "branch": "main",
          "revision": "1d03b9b4382df16aa9ed9bf087dc2512e161a994",
          "version": null
        }
      },
      {
        "package": "llbuild",
        "repositoryURL": "https://github.com/apple/swift-llbuild.git",
        "state": {
          "branch": "main",
          "revision": "4c2e567620b4e22388b1e5b2d33f8f0a212bdfa9",
          "version": null
        }
      },
      {
        "package": "swift-numerics",
        "repositoryURL": "https://github.com/apple/swift-numerics",
        "state": {
          "branch": null,
          "revision": "6583ac70c326c3ee080c1d42d9ca3361dca816cd",
          "version": "0.1.0"
        }
      },
      {
        "package": "SwiftPM",
        "repositoryURL": "https://github.com/apple/swift-package-manager",
        "state": {
          "branch": "main",
          "revision": "7cf23734895709c1813461c4f4a2e90ee7be0055",
          "version": null
        }
      },
      {
        "package": "swift-tools-support-core",
        "repositoryURL": "https://github.com/apple/swift-tools-support-core.git",
        "state": {
          "branch": "main",
          "revision": "00541816d4372474b920fb7a7aa86e775456e7aa",
          "version": null
        }
      },
      {
        "package": "Yams",
        "repositoryURL": "https://github.com/jpsim/Yams.git",
        "state": {
          "branch": null,
          "revision": "9003d51672e516cc59297b7e96bff1dfdedcb4ea",
          "version": "4.0.4"
        }
      }
    ]
  },
  "version": 1
}
